{
    "id": "1728501380922.406",
    "path_index": {
        "/Users/josephbender/Desktop/programming/python/pycelerity/data/input/something.json": [],
        "/Users/josephbender/Desktop/programming/python/pycelerity/data/input/todo.json": [
            "todo"
        ],
        "/Users/josephbender/Desktop/programming/python/pycelerity/data/input/new_file.json": [
            "wtf"
        ],
        "/Users/josephbender/Desktop/programming/python/pycelerity/data/input/portfolios.json": [
            "portfolio"
        ],
        "/Users/josephbender/Desktop/programming/python/pycelerity/data/input/user.json": [
            "user",
            "follower",
            "post",
            "comment",
            "like"
        ],
        "/Users/josephbender/Desktop/programming/python/pycelerity/data/input/arson.json": [
            "arson",
            "shite"
        ]
    },
    "checksums": {
        "/Users/josephbender/Desktop/programming/python/pycelerity/data/input/something.json": "44136fa355b3678a1146ad16f7e8649e94fb4fc21fe77e8310c060f61caaff8a",
        "/Users/josephbender/Desktop/programming/python/pycelerity/data/input/todo.json": "224ea7fbc453cc1c6d6692b30eb0381ce88e9bb865cdd4cee00f4f44a797448f",
        "/Users/josephbender/Desktop/programming/python/pycelerity/data/input/new_file.json": "25dd0329948b78ace6e91494f75fa2da9ad73316eb57a9497b1961ca38cf61ee",
        "/Users/josephbender/Desktop/programming/python/pycelerity/data/input/portfolios.json": "e6c167e17929841c78298e690451001f6e4a87fd95ca750df3e459e2fe414566",
        "/Users/josephbender/Desktop/programming/python/pycelerity/data/input/user.json": "ea838ae9675307250fa22f717690a0b77f0c70fdb968dec37943124902a8a1d0",
        "/Users/josephbender/Desktop/programming/python/pycelerity/data/input/arson.json": "7455a8e7590f4ff6770a4d3766b8e93dd461e6a76aa0633c2b85bc554bda1ec3"
    },
    "schools": [
        "user",
        "portfolio",
        "follower",
        "post",
        "comment",
        "like",
        "arson",
        "todo",
        "shite",
        "wtf"
    ],
    "history": [
        "./data/rollback/1728501380922.406",
        "./data/rollback/1728501288483.12",
        "./data/rollback/1728501148454.7578",
        "./data/rollback/1728501131981.3828",
        "./data/rollback/1728501211264.842"
    ],
    "school_index": {
        "todo": [
            "/Users/josephbender/Desktop/programming/python/pycelerity/data/input/todo.json"
        ],
        "wtf": [
            "/Users/josephbender/Desktop/programming/python/pycelerity/data/input/new_file.json"
        ],
        "portfolio": [
            "/Users/josephbender/Desktop/programming/python/pycelerity/data/input/portfolios.json"
        ],
        "user": [
            "/Users/josephbender/Desktop/programming/python/pycelerity/data/input/user.json"
        ],
        "follower": [
            "/Users/josephbender/Desktop/programming/python/pycelerity/data/input/user.json"
        ],
        "post": [
            "/Users/josephbender/Desktop/programming/python/pycelerity/data/input/user.json"
        ],
        "comment": [
            "/Users/josephbender/Desktop/programming/python/pycelerity/data/input/user.json"
        ],
        "like": [
            "/Users/josephbender/Desktop/programming/python/pycelerity/data/input/user.json"
        ],
        "arson": [
            "/Users/josephbender/Desktop/programming/python/pycelerity/data/input/arson.json"
        ],
        "shite": [
            "/Users/josephbender/Desktop/programming/python/pycelerity/data/input/arson.json"
        ]
    }
}