CREATE TABLE IF NOT EXISTS "table1" (
	id SERIAL PRIMARY KEY
);
CREATE TABLE IF NOT EXISTS "table2" (
	id SERIAL PRIMARY KEY
);
CREATE TABLE IF NOT EXISTS "table3" (
	id SERIAL PRIMARY KEY
);
CREATE TABLE IF NOT EXISTS "table4" (
	id SERIAL PRIMARY KEY
);
CREATE TABLE IF NOT EXISTS "table5" (
	id SERIAL PRIMARY KEY
);
CREATE TABLE IF NOT EXISTS "table6" (
	id SERIAL PRIMARY KEY
);
DROP TABLE IF EXISTS "table6";
DROP TABLE IF EXISTS "table5";
DROP TABLE IF EXISTS "table4";
