{
    "id": "1000.0",
    "path_index": {
        "/Users/josephbender/Desktop/programming/python/pycelerity/test/data/updation/case5/sim/a/input/table.json": [
            "table"
        ]
    },
    "checksums": {
        "/Users/josephbender/Desktop/programming/python/pycelerity/test/data/updation/case5/sim/a/input/table.json": "795d73a0913bc1e0330cda09f8b2cf736851d2731cff302e30286b4a69671654"
    },
    "schools": [
        "table"
    ],
    "history": [],
    "school_index": {
        "table": [
            "/Users/josephbender/Desktop/programming/python/pycelerity/test/data/updation/case5/sim/a/input/table.json"
        ]
    },
    "school_checksums": {
        "table": "7a74c32586f8491b60013b0ed636fb857f23abc2e82acbf4b95e0f6bafbe1b42"
    }
}