CREATE TABLE IF NOT EXISTS "table1" (
	welcome VARCHAR(500) NOT NULL,
	food INTEGER NOT NULL,
	id SERIAL PRIMARY KEY
);
CREATE TABLE IF NOT EXISTS "table2" (
	welcome2 VARCHAR(500) NOT NULL,
	fuck INTEGER NOT NULL DEFAULT 3,
	id SERIAL PRIMARY KEY
);
CREATE TABLE IF NOT EXISTS "table3" (
	here VARCHAR(100) NOT NULL,
	id SERIAL PRIMARY KEY,
	alias INTEGER NOT NULL,
	FOREIGN KEY (alias) REFERENCES "table2"(id) ON DELETE CASCADE
);
