ALTER TABLE "table" ADD COLUMN addedattr INTEGER NOT NULL;
ALTER TABLE "table" ALTER COLUMN "boolean" SET DEFAULT 50;
ALTER TABLE "table" ALTER COLUMN "boolean" SET DATA TYPE INTEGER;
ALTER TABLE "table" ALTER COLUMN "checkurslef" DROP CONSTRAINT default;
ALTER TABLE "table" DROP COLUMN "jose";
ALTER TABLE "table" ALTER COLUMN "name" SET DATA TYPE VARCHAR(200);
ALTER TABLE "table" ALTER COLUMN "something" SET DEFAULT 6969;
ALTER TABLE "table" ALTER COLUMN "wellthen" SET DEFAULT 'Hello';
ALTER TABLE "table" ALTER COLUMN "wellthen" SET DATA TYPE VARCHAR(50);
