{
    "id": "1002.0",
    "path_index": {
        "/Users/josephbender/Desktop/programming/python/pycelerity/test/data/updation/case3/sim/c/input/schools3.json": [
            "table1",
            "table2",
            "table3",
            "table4"
        ]
    },
    "checksums": {
        "/Users/josephbender/Desktop/programming/python/pycelerity/test/data/updation/case3/sim/c/input/schools3.json": "8cebbe2a84abfb3be275a8a656598f86b71910be0759ca6bd374534dad7d1170"
    },
    "schools": [
        "table1",
        "table2",
        "table3",
        "table4"
    ],
    "history": [
        "1000.0",
        "1001.0"
    ],
    "school_index": {
        "table1": [
            "/Users/josephbender/Desktop/programming/python/pycelerity/test/data/updation/case3/sim/c/input/schools3.json"
        ],
        "table2": [
            "/Users/josephbender/Desktop/programming/python/pycelerity/test/data/updation/case3/sim/c/input/schools3.json"
        ],
        "table3": [
            "/Users/josephbender/Desktop/programming/python/pycelerity/test/data/updation/case3/sim/c/input/schools3.json"
        ],
        "table4": [
            "/Users/josephbender/Desktop/programming/python/pycelerity/test/data/updation/case3/sim/c/input/schools3.json"
        ]
    },
    "school_checksums": {
        "table1": "15cc935c9c8c6f59df4a03f881117203b9b9b7c76011ba0f990ba7c50417b69a",
        "table2": "15cc935c9c8c6f59df4a03f881117203b9b9b7c76011ba0f990ba7c50417b69a",
        "table3": "15cc935c9c8c6f59df4a03f881117203b9b9b7c76011ba0f990ba7c50417b69a",
        "table4": "15cc935c9c8c6f59df4a03f881117203b9b9b7c76011ba0f990ba7c50417b69a"
    }
}