CREATE TABLE IF NOT EXISTS "user" (
	fname VARCHAR(50) NOT NULL,
	lname VARCHAR(50) NOT NULL,
	email VARCHAR(100) NOT NULL,
	gender BOOLEAN NOT NULL,
	bio VARCHAR(500) NOT NULL,
	id SERIAL PRIMARY KEY
);
CREATE TABLE IF NOT EXISTS "post" (
	content VARCHAR(300) NOT NULL,
	id SERIAL PRIMARY KEY,
	user_id INTEGER NOT NULL,
	FOREIGN KEY (user_id) REFERENCES "user"(id) ON DELETE CASCADE
);
