CREATE TABLE IF NOT EXISTS "table1" (
	name VARCHAR(500) NOT NULL,
	prio INTEGER NOT NULL DEFAULT 20,
	bio VARCHAR(300) NOT NULL DEFAULT 'Insert Bio',
	id SERIAL PRIMARY KEY
);
CREATE TABLE IF NOT EXISTS "table2" (
	table INTEGER NOT NULL,
	to INTEGER NOT NULL,
	drop INTEGER NOT NULL,,
	id SERIAL PRIMARY KEY
);
DROP TABLE IF EXISTS "table2";