{
    "user": {
        "!id:int": {},
        "fname:str": {
            "limit": 100
        },
        "lname:str": {
            "limit": 100
        },
        "email:str": {
            "limit": 200,
            "regex": "email"
        },
        "password_digest:str": {
            "limit": 256
        }
    }
}